
Microsoft Visual Studio Solution File, Format Version 12.00
# Visual Studio Version 16
VisualStudioVersion = 16.0.31515.178
MinimumVisualStudioVersion = 10.0.40219.1
Project("{FAE04EC0-301F-11D3-BF4B-00C04F79EFBC}") = "WebApplication1", "WebApplication1\WebApplication1.csproj", "{69249898-EC71-4ABB-9AEA-25F8153D9DC8}"
EndProject
Project("{FAE04EC0-301F-11D3-BF4B-00C04F79EFBC}") = "Entity", "StudentEntity\Entity.csproj", "{C12E182D-00C3-4782-8571-8E01DD1F5F75}"
EndProject
Project("{FAE04EC0-301F-11D3-BF4B-00C04F79EFBC}") = "BusinessLogic", "BusinessLogic\BusinessLogic.csproj", "{CDB9034B-B598-4395-962C-D84A30ED48BD}"
EndProject
Global
	GlobalSection(SolutionConfigurationPlatforms) = preSolution
		Debug|Any CPU = Debug|Any CPU
		Release|Any CPU = Release|Any CPU
	EndGlobalSection
	GlobalSection(ProjectConfigurationPlatforms) = postSolution
		{69249898-EC71-4ABB-9AEA-25F8153D9DC8}.Debug|Any CPU.ActiveCfg = Debug|Any CPU
		{69249898-EC71-4ABB-9AEA-25F8153D9DC8}.Debug|Any CPU.Build.0 = Debug|Any CPU
		{69249898-EC71-4ABB-9AEA-25F8153D9DC8}.Release|Any CPU.ActiveCfg = Release|Any CPU
		{69249898-EC71-4ABB-9AEA-25F8153D9DC8}.Release|Any CPU.Build.0 = Release|Any CPU
		{C12E182D-00C3-4782-8571-8E01DD1F5F75}.Debug|Any CPU.ActiveCfg = Debug|Any CPU
		{C12E182D-00C3-4782-8571-8E01DD1F5F75}.Debug|Any CPU.Build.0 = Debug|Any CPU
		{C12E182D-00C3-4782-8571-8E01DD1F5F75}.Release|Any CPU.ActiveCfg = Release|Any CPU
		{C12E182D-00C3-4782-8571-8E01DD1F5F75}.Release|Any CPU.Build.0 = Release|Any CPU
		{CDB9034B-B598-4395-962C-D84A30ED48BD}.Debug|Any CPU.ActiveCfg = Debug|Any CPU
		{CDB9034B-B598-4395-962C-D84A30ED48BD}.Debug|Any CPU.Build.0 = Debug|Any CPU
		{CDB9034B-B598-4395-962C-D84A30ED48BD}.Release|Any CPU.ActiveCfg = Release|Any CPU
		{CDB9034B-B598-4395-962C-D84A30ED48BD}.Release|Any CPU.Build.0 = Release|Any CPU
	EndGlobalSection
	GlobalSection(SolutionProperties) = preSolution
		HideSolutionNode = FALSE
	EndGlobalSection
	GlobalSection(ExtensibilityGlobals) = postSolution
		SolutionGuid = {840B4CC4-0A15-48F2-B0BF-5431BE4D3DA9}
	EndGlobalSection
EndGlobal
